{
  "lockfileVersion": 1,
  "configVersion": 0,
  "workspaces": {
    "": {
      "name": "resume-helper",
      "dependencies": {
        "@clack/prompts": "^1.0.0",
        "@octokit/rest": "^22.0.1",
        "@tanstack/ai": "^0.3.0",
        "chalk": "^5.6.2",
        "commander": "^14.0.3",
        "linguist-languages": "^9.3.1",
      },
      "devDependencies": {
        "@types/bun": "latest",
        "oxfmt": "^0.28.0",
        "oxlint": "^1.43.0",
      },
      "optionalDependencies": {
        "@resume-helper/darwin-arm64": "0.1.0",
        "@resume-helper/darwin-x64": "0.1.0",
        "@resume-helper/linux-arm64": "0.1.0",
        "@resume-helper/linux-x64": "0.1.0",
        "@resume-helper/windows-x64": "0.1.0",
      },
      "peerDependencies": {
        "typescript": "^5",
      },
    },
  },
  "packages": {
    "@clack/core": [
      "@clack/core@1.0.0",
      "",
      { "dependencies": { "picocolors": "^1.0.0", "sisteransi": "^1.0.5" } },
      "sha512-Orf9Ltr5NeiEuVJS8Rk2XTw3IxNC2Bic3ash7GgYeA8LJ/zmSNpSQ/m5UAhe03lA6KFgklzZ5KTHs4OAMA/SAQ==",
    ],

    "@clack/prompts": [
      "@clack/prompts@1.0.0",
      "",
      {
        "dependencies": {
          "@clack/core": "1.0.0",
          "picocolors": "^1.0.0",
          "sisteransi": "^1.0.5",
        },
      },
      "sha512-rWPXg9UaCFqErJVQ+MecOaWsozjaxol4yjnmYcGNipAWzdaWa2x+VJmKfGq7L0APwBohQOYdHC+9RO4qRXej+A==",
    ],

    "@octokit/auth-token": [
      "@octokit/auth-token@6.0.0",
      "",
      {},
      "sha512-P4YJBPdPSpWTQ1NU4XYdvHvXJJDxM6YwpS0FZHRgP7YFkdVxsWcpWGy/NVqlAA7PcPCnMacXlRm1y2PFZRWL/w==",
    ],

    "@octokit/core": [
      "@octokit/core@7.0.6",
      "",
      {
        "dependencies": {
          "@octokit/auth-token": "^6.0.0",
          "@octokit/graphql": "^9.0.3",
          "@octokit/request": "^10.0.6",
          "@octokit/request-error": "^7.0.2",
          "@octokit/types": "^16.0.0",
          "before-after-hook": "^4.0.0",
          "universal-user-agent": "^7.0.0",
        },
      },
      "sha512-DhGl4xMVFGVIyMwswXeyzdL4uXD5OGILGX5N8Y+f6W7LhC1Ze2poSNrkF/fedpVDHEEZ+PHFW0vL14I+mm8K3Q==",
    ],

    "@octokit/endpoint": [
      "@octokit/endpoint@11.0.2",
      "",
      {
        "dependencies": {
          "@octokit/types": "^16.0.0",
          "universal-user-agent": "^7.0.2",
        },
      },
      "sha512-4zCpzP1fWc7QlqunZ5bSEjxc6yLAlRTnDwKtgXfcI/FxxGoqedDG8V2+xJ60bV2kODqcGB+nATdtap/XYq2NZQ==",
    ],

    "@octokit/graphql": [
      "@octokit/graphql@9.0.3",
      "",
      {
        "dependencies": {
          "@octokit/request": "^10.0.6",
          "@octokit/types": "^16.0.0",
          "universal-user-agent": "^7.0.0",
        },
      },
      "sha512-grAEuupr/C1rALFnXTv6ZQhFuL1D8G5y8CN04RgrO4FIPMrtm+mcZzFG7dcBm+nq+1ppNixu+Jd78aeJOYxlGA==",
    ],

    "@octokit/openapi-types": [
      "@octokit/openapi-types@27.0.0",
      "",
      {},
      "sha512-whrdktVs1h6gtR+09+QsNk2+FO+49j6ga1c55YZudfEG+oKJVvJLQi3zkOm5JjiUXAagWK2tI2kTGKJ2Ys7MGA==",
    ],

    "@octokit/plugin-paginate-rest": [
      "@octokit/plugin-paginate-rest@14.0.0",
      "",
      {
        "dependencies": { "@octokit/types": "^16.0.0" },
        "peerDependencies": { "@octokit/core": ">=6" },
      },
      "sha512-fNVRE7ufJiAA3XUrha2omTA39M6IXIc6GIZLvlbsm8QOQCYvpq/LkMNGyFlB1d8hTDzsAXa3OKtybdMAYsV/fw==",
    ],

    "@octokit/plugin-request-log": [
      "@octokit/plugin-request-log@6.0.0",
      "",
      { "peerDependencies": { "@octokit/core": ">=6" } },
      "sha512-UkOzeEN3W91/eBq9sPZNQ7sUBvYCqYbrrD8gTbBuGtHEuycE4/awMXcYvx6sVYo7LypPhmQwwpUe4Yyu4QZN5Q==",
    ],

    "@octokit/plugin-rest-endpoint-methods": [
      "@octokit/plugin-rest-endpoint-methods@17.0.0",
      "",
      {
        "dependencies": { "@octokit/types": "^16.0.0" },
        "peerDependencies": { "@octokit/core": ">=6" },
      },
      "sha512-B5yCyIlOJFPqUUeiD0cnBJwWJO8lkJs5d8+ze9QDP6SvfiXSz1BF+91+0MeI1d2yxgOhU/O+CvtiZ9jSkHhFAw==",
    ],

    "@octokit/request": [
      "@octokit/request@10.0.7",
      "",
      {
        "dependencies": {
          "@octokit/endpoint": "^11.0.2",
          "@octokit/request-error": "^7.0.2",
          "@octokit/types": "^16.0.0",
          "fast-content-type-parse": "^3.0.0",
          "universal-user-agent": "^7.0.2",
        },
      },
      "sha512-v93h0i1yu4idj8qFPZwjehoJx4j3Ntn+JhXsdJrG9pYaX6j/XRz2RmasMUHtNgQD39nrv/VwTWSqK0RNXR8upA==",
    ],

    "@octokit/request-error": [
      "@octokit/request-error@7.1.0",
      "",
      { "dependencies": { "@octokit/types": "^16.0.0" } },
      "sha512-KMQIfq5sOPpkQYajXHwnhjCC0slzCNScLHs9JafXc4RAJI+9f+jNDlBNaIMTvazOPLgb4BnlhGJOTbnN0wIjPw==",
    ],

    "@octokit/rest": [
      "@octokit/rest@22.0.1",
      "",
      {
        "dependencies": {
          "@octokit/core": "^7.0.6",
          "@octokit/plugin-paginate-rest": "^14.0.0",
          "@octokit/plugin-request-log": "^6.0.0",
          "@octokit/plugin-rest-endpoint-methods": "^17.0.0",
        },
      },
      "sha512-Jzbhzl3CEexhnivb1iQ0KJ7s5vvjMWcmRtq5aUsKmKDrRW6z3r84ngmiFKFvpZjpiU/9/S6ITPFRpn5s/3uQJw==",
    ],

    "@octokit/types": [
      "@octokit/types@16.0.0",
      "",
      { "dependencies": { "@octokit/openapi-types": "^27.0.0" } },
      "sha512-sKq+9r1Mm4efXW1FCk7hFSeJo4QKreL/tTbR0rz/qx/r1Oa2VV83LTA/H/MuCOX7uCIJmQVRKBcbmWoySjAnSg==",
    ],

    "@oxfmt/darwin-arm64": [
      "@oxfmt/darwin-arm64@0.28.0",
      "",
      { "os": "darwin", "cpu": "arm64" },
      "sha512-jmUfF7cNJPw57bEK7sMIqrYRgn4LH428tSgtgLTCtjuGuu1ShREyrkeB7y8HtkXRfhBs4lVY+HMLhqElJvZ6ww==",
    ],

    "@oxfmt/darwin-x64": [
      "@oxfmt/darwin-x64@0.28.0",
      "",
      { "os": "darwin", "cpu": "x64" },
      "sha512-S6vlV8S7jbjzJOSjfVg2CimUC0r7/aHDLdUm/3+/B/SU/s1jV7ivqWkMv1/8EB43d1BBwT9JQ60ZMTkBqeXSFA==",
    ],

    "@oxfmt/linux-arm64-gnu": [
      "@oxfmt/linux-arm64-gnu@0.28.0",
      "",
      { "os": "linux", "cpu": "arm64" },
      "sha512-TfJkMZjePbLiskmxFXVAbGI/OZtD+y+fwS0wyW8O6DWG0ARTf0AipY9zGwGoOdpFuXOJceXvN4SHGLbYNDMY4Q==",
    ],

    "@oxfmt/linux-arm64-musl": [
      "@oxfmt/linux-arm64-musl@0.28.0",
      "",
      { "os": "linux", "cpu": "arm64" },
      "sha512-7fyQUdW203v4WWGr1T3jwTz4L7KX9y5DeATryQ6fLT6QQp9GEuct8/k0lYhd+ys42iTV/IkJF20e3YkfSOOILg==",
    ],

    "@oxfmt/linux-x64-gnu": [
      "@oxfmt/linux-x64-gnu@0.28.0",
      "",
      { "os": "linux", "cpu": "x64" },
      "sha512-sRKqAvEonuz0qr1X1ncUZceOBJerKzkO2gZIZmosvy/JmqyffpIFL3OE2tqacFkeDhrC+dNYQpusO8zsfHo3pw==",
    ],

    "@oxfmt/linux-x64-musl": [
      "@oxfmt/linux-x64-musl@0.28.0",
      "",
      { "os": "linux", "cpu": "x64" },
      "sha512-fW6czbXutX/tdQe8j4nSIgkUox9RXqjyxwyWXUDItpoDkoXllq17qbD7GVc0whrEhYQC6hFE1UEAcDypLJoSzw==",
    ],

    "@oxfmt/win32-arm64": [
      "@oxfmt/win32-arm64@0.28.0",
      "",
      { "os": "win32", "cpu": "arm64" },
      "sha512-D/HDeQBAQRjTbD9OLV6kRDcStrIfO+JsUODDCdGmhRfNX8LPCx95GpfyybpZfn3wVF8Jq/yjPXV1xLkQ+s7RcA==",
    ],

    "@oxfmt/win32-x64": [
      "@oxfmt/win32-x64@0.28.0",
      "",
      { "os": "win32", "cpu": "x64" },
      "sha512-4+S2j4OxOIyo8dz5osm5dZuL0yVmxXvtmNdHB5xyGwAWVvyWNvf7tCaQD7w2fdSsAXQLOvK7KFQrHFe33nJUCA==",
    ],

    "@oxlint/darwin-arm64": [
      "@oxlint/darwin-arm64@1.43.0",
      "",
      { "os": "darwin", "cpu": "arm64" },
      "sha512-C/GhObv/pQZg34NOzB6Mk8x0wc9AKj8fXzJF8ZRKTsBPyHusC6AZ6bba0QG0TUufw1KWuD0j++oebQfWeiFXNw==",
    ],

    "@oxlint/darwin-x64": [
      "@oxlint/darwin-x64@1.43.0",
      "",
      { "os": "darwin", "cpu": "x64" },
      "sha512-4NjfUtEEH8ewRQ2KlZGmm6DyrvypMdHwBnQT92vD0dLScNOQzr0V9O8Ua4IWXdeCNl/XMVhAV3h4/3YEYern5A==",
    ],

    "@oxlint/linux-arm64-gnu": [
      "@oxlint/linux-arm64-gnu@1.43.0",
      "",
      { "os": "linux", "cpu": "arm64" },
      "sha512-75tf1HvwdZ3ebk83yMbSB+moAEWK98mYqpXiaFAi6Zshie7r+Cx5PLXZFUEqkscenoZ+fcNXakHxfn94V6nf1g==",
    ],

    "@oxlint/linux-arm64-musl": [
      "@oxlint/linux-arm64-musl@1.43.0",
      "",
      { "os": "linux", "cpu": "arm64" },
      "sha512-BHV4fb36T2p/7bpA9fiJ5ayt7oJbiYX10nklW5arYp4l9/9yG/FQC5J4G1evzbJ/YbipF9UH0vYBAm5xbqGrvw==",
    ],

    "@oxlint/linux-x64-gnu": [
      "@oxlint/linux-x64-gnu@1.43.0",
      "",
      { "os": "linux", "cpu": "x64" },
      "sha512-1l3nvnzWWse1YHibzZ4HQXdF/ibfbKZhp9IguElni3bBqEyPEyurzZ0ikWynDxKGXqZa+UNXTFuU1NRVX1RJ3g==",
    ],

    "@oxlint/linux-x64-musl": [
      "@oxlint/linux-x64-musl@1.43.0",
      "",
      { "os": "linux", "cpu": "x64" },
      "sha512-+jNYgLGRFTJxJuaSOZJBwlYo5M0TWRw0+3y5MHOL4ArrIdHyCthg6r4RbVWrsR1qUfUE1VSSHQ2bfbC99RXqMg==",
    ],

    "@oxlint/win32-arm64": [
      "@oxlint/win32-arm64@1.43.0",
      "",
      { "os": "win32", "cpu": "arm64" },
      "sha512-dvs1C/HCjCyGTURMagiHprsOvVTT3omDiSzi5Qw0D4QFJ1pEaNlfBhVnOUYgUfS6O7Mcmj4+G+sidRsQcWQ/kA==",
    ],

    "@oxlint/win32-x64": [
      "@oxlint/win32-x64@1.43.0",
      "",
      { "os": "win32", "cpu": "x64" },
      "sha512-bSuItSU8mTSDsvmmLTepTdCL2FkJI6dwt9tot/k0EmiYF+ArRzmsl4lXVLssJNRV5lJEc5IViyTrh7oiwrjUqA==",
    ],

    "@tanstack/ai": [
      "@tanstack/ai@0.3.0",
      "",
      {
        "dependencies": {
          "@tanstack/devtools-event-client": "^0.4.0",
          "partial-json": "^0.1.7",
        },
      },
      "sha512-+MmqvLFmM1XvzGzVm2Pwgj8TmN8l3AV5NikDgam+B1HZY0MGdj5Pz7QFFYDEjTmzcFrDSDOAIobxR7Qp2iuKog==",
    ],

    "@tanstack/devtools-event-client": [
      "@tanstack/devtools-event-client@0.4.0",
      "",
      {},
      "sha512-RPfGuk2bDZgcu9bAJodvO2lnZeHuz4/71HjZ0bGb/SPg8+lyTA+RLSKQvo7fSmPSi8/vcH3aKQ8EM9ywf1olaw==",
    ],

    "@types/bun": [
      "@types/bun@1.3.8",
      "",
      { "dependencies": { "bun-types": "1.3.8" } },
      "sha512-3LvWJ2q5GerAXYxO2mffLTqOzEu5qnhEAlh48Vnu8WQfnmSwbgagjGZV6BoHKJztENYEDn6QmVd949W4uESRJA==",
    ],

    "@types/node": [
      "@types/node@25.2.0",
      "",
      { "dependencies": { "undici-types": "~7.16.0" } },
      "sha512-DZ8VwRFUNzuqJ5khrvwMXHmvPe+zGayJhr2CDNiKB1WBE1ST8Djl00D0IC4vvNmHMdj6DlbYRIaFE7WHjlDl5w==",
    ],

    "before-after-hook": [
      "before-after-hook@4.0.0",
      "",
      {},
      "sha512-q6tR3RPqIB1pMiTRMFcZwuG5T8vwp+vUvEG0vuI6B+Rikh5BfPp2fQ82c925FOs+b0lcFQ8CFrL+KbilfZFhOQ==",
    ],

    "bun-types": [
      "bun-types@1.3.8",
      "",
      { "dependencies": { "@types/node": "*" } },
      "sha512-fL99nxdOWvV4LqjmC+8Q9kW3M4QTtTR1eePs94v5ctGqU8OeceWrSUaRw3JYb7tU3FkMIAjkueehrHPPPGKi5Q==",
    ],

    "chalk": [
      "chalk@5.6.2",
      "",
      {},
      "sha512-7NzBL0rN6fMUW+f7A6Io4h40qQlG+xGmtMxfbnH/K7TAtt8JQWVQK+6g0UXKMeVJoyV5EkkNsErQ8pVD3bLHbA==",
    ],

    "commander": [
      "commander@14.0.3",
      "",
      {},
      "sha512-H+y0Jo/T1RZ9qPP4Eh1pkcQcLRglraJaSLoyOtHxu6AapkjWVCy2Sit1QQ4x3Dng8qDlSsZEet7g5Pq06MvTgw==",
    ],

    "fast-content-type-parse": [
      "fast-content-type-parse@3.0.0",
      "",
      {},
      "sha512-ZvLdcY8P+N8mGQJahJV5G4U88CSvT1rP8ApL6uETe88MBXrBHAkZlSEySdUlyztF7ccb+Znos3TFqaepHxdhBg==",
    ],

    "linguist-languages": [
      "linguist-languages@9.3.1",
      "",
      {},
      "sha512-Mum2sqg3MyhgKfpulFhKZMAK/1VnV6m9vCV8YQCSqWs+pbKouKn9EqRshZjVWUaJjl6NTTDcYJk/1+C02siXEQ==",
    ],

    "oxfmt": [
      "oxfmt@0.28.0",
      "",
      {
        "dependencies": { "tinypool": "2.1.0" },
        "optionalDependencies": {
          "@oxfmt/darwin-arm64": "0.28.0",
          "@oxfmt/darwin-x64": "0.28.0",
          "@oxfmt/linux-arm64-gnu": "0.28.0",
          "@oxfmt/linux-arm64-musl": "0.28.0",
          "@oxfmt/linux-x64-gnu": "0.28.0",
          "@oxfmt/linux-x64-musl": "0.28.0",
          "@oxfmt/win32-arm64": "0.28.0",
          "@oxfmt/win32-x64": "0.28.0",
        },
        "bin": { "oxfmt": "bin/oxfmt" },
      },
      "sha512-3+hhBqPE6Kp22KfJmnstrZbl+KdOVSEu1V0ABaFIg1rYLtrMgrupx9znnHgHLqKxAVHebjTdiCJDk30CXOt6cw==",
    ],

    "oxlint": [
      "oxlint@1.43.0",
      "",
      {
        "optionalDependencies": {
          "@oxlint/darwin-arm64": "1.43.0",
          "@oxlint/darwin-x64": "1.43.0",
          "@oxlint/linux-arm64-gnu": "1.43.0",
          "@oxlint/linux-arm64-musl": "1.43.0",
          "@oxlint/linux-x64-gnu": "1.43.0",
          "@oxlint/linux-x64-musl": "1.43.0",
          "@oxlint/win32-arm64": "1.43.0",
          "@oxlint/win32-x64": "1.43.0",
        },
        "peerDependencies": { "oxlint-tsgolint": ">=0.11.2" },
        "optionalPeers": ["oxlint-tsgolint"],
        "bin": { "oxlint": "bin/oxlint" },
      },
      "sha512-xiqTCsKZch+R61DPCjyqUVP2MhkQlRRYxLRBeBDi+dtQJ90MOgdcjIktvDCgXz0bgtx94EQzHEndsizZjMX2OA==",
    ],

    "partial-json": [
      "partial-json@0.1.7",
      "",
      {},
      "sha512-Njv/59hHaokb/hRUjce3Hdv12wd60MtM9Z5Olmn+nehe0QDAsRtRbJPvJ0Z91TusF0SuZRIvnM+S4l6EIP8leA==",
    ],

    "picocolors": [
      "picocolors@1.1.1",
      "",
      {},
      "sha512-xceH2snhtb5M9liqDsmEw56le376mTZkEX/jEb/RxNFyegNul7eNslCXP9FDj/Lcu0X8KEyMceP2ntpaHrDEVA==",
    ],

    "sisteransi": [
      "sisteransi@1.0.5",
      "",
      {},
      "sha512-bLGGlR1QxBcynn2d5YmDX4MGjlZvy2MRBDRNHLJ8VI6l6+9FUiyTFNJ0IveOSP0bcXgVDPRcfGqA0pjaqUpfVg==",
    ],

    "tinypool": [
      "tinypool@2.1.0",
      "",
      {},
      "sha512-Pugqs6M0m7Lv1I7FtxN4aoyToKg1C4tu+/381vH35y8oENM/Ai7f7C4StcoK4/+BSw9ebcS8jRiVrORFKCALLw==",
    ],

    "typescript": [
      "typescript@5.9.3",
      "",
      { "bin": { "tsc": "bin/tsc", "tsserver": "bin/tsserver" } },
      "sha512-jl1vZzPDinLr9eUt3J/t7V6FgNEw9QjvBPdysz9KfQDD41fQrC2Y4vKQdiaUpFT4bXlb1RHhLpp8wtm6M5TgSw==",
    ],

    "undici-types": [
      "undici-types@7.16.0",
      "",
      {},
      "sha512-Zz+aZWSj8LE6zoxD+xrjh4VfkIG8Ya6LvYkZqtUQGJPZjYl53ypCaUwWqo7eI0x66KBGeRo+mlBEkMSeSZ38Nw==",
    ],

    "universal-user-agent": [
      "universal-user-agent@7.0.3",
      "",
      {},
      "sha512-TmnEAEAsBJVZM/AADELsK76llnwcf9vMKuPz8JflO1frO8Lchitr0fNaN9d+Ap0BjKtqWqd/J17qeDnXh8CL2A==",
    ],
  },
}
